// !$*UTF8*$!
{
	archiveVersion = 1;
	classes = {
	};
	objectVersion = 50;
	objects = {

/* Begin PBXBuildFile section */
		DC17737224A0C84B0095BF02 /* AppDelegate.swift in Sources */ = {isa = PBXBuildFile; fileRef = DC17737124A0C84B0095BF02 /* AppDelegate.swift */; };
		DC17737424A0C84B0095BF02 /* SceneDelegate.swift in Sources */ = {isa = PBXBuildFile; fileRef = DC17737324A0C84B0095BF02 /* SceneDelegate.swift */; };
		DC17737624A0C84B0095BF02 /* ViewController.swift in Sources */ = {isa = PBXBuildFile; fileRef = DC17737524A0C84B0095BF02 /* ViewController.swift */; };
		DC17737924A0C84B0095BF02 /* Main.storyboard in Resources */ = {isa = PBXBuildFile; fileRef = DC17737724A0C84B0095BF02 /* Main.storyboard */; };
		DC17737B24A0C84C0095BF02 /* Assets.xcassets in Resources */ = {isa = PBXBuildFile; fileRef = DC17737A24A0C84C0095BF02 /* Assets.xcassets */; };
		DC17737E24A0C84C0095BF02 /* LaunchScreen.storyboard in Resources */ = {isa = PBXBuildFile; fileRef = DC17737C24A0C84C0095BF02 /* LaunchScreen.storyboard */; };
		DC17738724A0CA030095BF02 /* htmlView.html in Resources */ = {isa = PBXBuildFile; fileRef = DC17738624A0CA030095BF02 /* htmlView.html */; };
/* End PBXBuildFile section */

/* Begin PBXFileReference section */
		DC17736E24A0C84B0095BF02 /* Web_mission.app */ = {isa = PBXFileReference; explicitFileType = wrapper.application; includeInIndex = 0; path = Web_mission.app; sourceTree = BUILT_PRODUCTS_DIR; };
		DC17737124A0C84B0095BF02 /* AppDelegate.swift */ = {isa = PBXFileReference; lastKnownFileType = sourcecode.swift; path = AppDelegate.swift; sourceTree = "<group>"; };
		DC17737324A0C84B0095BF02 /* SceneDelegate.swift */ = {isa = PBXFileReference; lastKnownFileType = sourcecode.swift; path = SceneDelegate.swift; sourceTree = "<group>"; };
		DC17737524A0C84B0095BF02 /* ViewController.swift */ = {isa = PBXFileReference; lastKnownFileType = sourcecode.swift; path = ViewController.swift; sourceTree = "<group>"; };
		DC17737824A0C84B0095BF02 /* Base */ = {isa = PBXFileReference; lastKnownFileType = file.storyboard; name = Base; path = Base.lproj/Main.storyboard; sourceTree = "<group>"; };
		DC17737A24A0C84C0095BF02 /* Assets.xcassets */ = {isa = PBXFileReference; lastKnownFileType = folder.assetcatalog; path = Assets.xcassets; sourceTree = "<group>"; };
		DC17737D24A0C84C0095BF02 /* Base */ = {isa = PBXFileReference; lastKnownFileType = file.storyboard; name = Base; path = Base.lproj/LaunchScreen.storyboard; sourceTree = "<group>"; };
		DC17737F24A0C84C0095BF02 /* Info.plist */ = {isa = PBXFileReference; lastKnownFileType = text.plist.xml; path = Info.plist; sourceTree = "<group>"; };
		DC17738624A0CA030095BF02 /* htmlView.html */ = {isa = PBXFileReference; lastKnownFileType = text.html; path = htmlView.html; sourceTree = "<group>"; };
/* End PBXFileReference section */

/* Begin PBXFrameworksBuildPhase section */
		DC17736B24A0C84B0095BF02 /* Frameworks */ = {
			isa = PBXFrameworksBuildPhase;
			buildActionMask = 2147483647;
			files = (
			);
			runOnlyForDeploymentPostprocessing = 0;
		};
/* End PBXFrameworksBuildPhase section */

/* Begin PBXGroup section */
		DC17736524A0C84B0095BF02 = {
			isa = PBXGroup;
			children = (
				DC17737024A0C84B0095BF02 /* Web_mission */,
				DC17736F24A0C84B0095BF02 /* Products */,
			);
			sourceTree = "<group>";
		};
		DC17736F24A0C84B0095BF02 /* Products */ = {
			isa = PBXGroup;
			children = (
				DC17736E24A0C84B0095BF02 /* Web_mission.app */,
			);
			name = Products;
			sourceTree = "<group>";
		};
		DC17737024A0C84B0095BF02 /* Web_mission */ = {
			isa = PBXGroup;
			children = (
				DC17737124A0C84B0095BF02 /* AppDelegate.swift */,
				DC17737324A0C84B0095BF02 /* SceneDelegate.swift */,
				DC17738624A0CA030095BF02 /* htmlView.html */,
				DC17737524A0C84B0095BF02 /* ViewController.swift */,
				DC17737724A0C84B0095BF02 /* Main.storyboard */,
				DC17737A24A0C84C0095BF02 /* Assets.xcassets */,
				DC17737C24A0C84C0095BF02 /* LaunchScreen.storyboard */,
				DC17737F24A0C84C0095BF02 /* Info.plist */,
			);
			path = Web_mission;
			sourceTree = "<group>";
		};
/* End PBXGroup section */

/* Begin PBXNativeTarget section */
		DC17736D24A0C84B0095BF02 /* Web_mission */ = {
			isa = PBXNativeTarget;
			buildConfigurationList = DC17738224A0C84C0095BF02 /* Build configuration list for PBXNativeTarget "Web_mission" */;
			buildPhases = (
				DC17736A24A0C84B0095BF02 /* Sources */,
				DC17736B24A0C84B0095BF02 /* Frameworks */,
				DC17736C24A0C84B0095BF02 /* Resources */,
			);
			buildRules = (
			);
			dependencies = (
			);
			name = Web_mission;
			productName = Web_mission;
			productReference = DC17736E24A0C84B0095BF02 /* Web_mission.app */;
			productType = "com.apple.product-type.application";
		};
/* End PBXNativeTarget section */

/* Begin PBXProject section */
		DC17736624A0C84B0095BF02 /* Project object */ = {
			isa = PBXProject;
			attributes = {
				LastSwiftUpdateCheck = 1150;
				LastUpgradeCheck = 1150;
				ORGANIZATIONNAME = "Gilbert Lim";
				TargetAttributes = {
					DC17736D24A0C84B0095BF02 = {
						CreatedOnToolsVersion = 11.5;
					};
				};
			};
			buildConfigurationList = DC17736924A0C84B0095BF02 /* Build configuration list for PBXProject "Web_mission" */;
			compatibilityVersion = "Xcode 9.3";
			developmentRegion = en;
			hasScannedForEncodings = 0;
			knownRegions = (
				en,
				Base,
			);
			mainGroup = DC17736524A0C84B0095BF02;
			productRefGroup = DC17736F24A0C84B0095BF02 /* Products */;
			projectDirPath = "";
			projectRoot = "";
			targets = (
				DC17736D24A0C84B0095BF02 /* Web_mission */,
			);
		};
/* End PBXProject section */

/* Begin PBXResourcesBuildPhase section */
		DC17736C24A0C84B0095BF02 /* Resources */ = {
			isa = PBXResourcesBuildPhase;
			buildActionMask = 2147483647;
			files = (
				DC17738724A0CA030095BF02 /* htmlView.html in Resources */,
				DC17737E24A0C84C0095BF02 /* LaunchScreen.storyboard in Resources */,
				DC17737B24A0C84C0095BF02 /* Assets.xcassets in Resources */,
				DC17737924A0C84B0095BF02 /* Main.storyboard in Resources */,
			);
			runOnlyForDeploymentPostprocessing = 0;
		};
/* End PBXResourcesBuildPhase section */

/* Begin PBXSourcesBuildPhase section */
		DC17736A24A0C84B0095BF02 /* Sources */ = {
			isa = PBXSourcesBuildPhase;
			buildActionMask = 2147483647;
			files = (
				DC17737624A0C84B0095BF02 /* ViewController.swift in Sources */,
				DC17737224A0C84B0095BF02 /* AppDelegate.swift in Sources */,
				DC17737424A0C84B0095BF02 /* SceneDelegate.swift in Sources */,
			);
			runOnlyForDeploymentPostprocessing = 0;
		};
/* End PBXSourcesBuildPhase section */

/* Begin PBXVariantGroup section */
		DC17737724A0C84B0095BF02 /* Main.storyboard */ = {
			isa = PBXVariantGroup;
			children = (
				DC17737824A0C84B0095BF02 /* Base */,
			);
			name = Main.storyboard;
			sourceTree = "<group>";
		};
		DC17737C24A0C84C0095BF02 /* LaunchScreen.storyboard */ = {
			isa = PBXVariantGroup;
			children = (
				DC17737D24A0C84C0095BF02 /* Base */,
			);
			name = LaunchScreen.storyboard;
			sourceTree = "<group>";
		};
/* End PBXVariantGroup section */

/* Begin XCBuildConfiguration section */
		DC17738024A0C84C0095BF02 /* Debug */ = {
			isa = XCBuildConfiguration;
			buildSettings = {
				ALWAYS_SEARCH_USER_PATHS = NO;
				CLANG_ANALYZER_NONNULL = YES;
				CLANG_ANALYZER_NUMBER_OBJECT_CONVERSION = YES_AGGRESSIVE;
				CLANG_CXX_LANGUAGE_STANDARD = "gnu++14";
				CLANG_CXX_LIBRARY = "libc++";
				CLANG_ENABLE_MODULES = YES;
				CLANG_ENABLE_OBJC_ARC = YES;
				CLANG_ENABLE_OBJC_WEAK = YES;
				CLANG_WARN_BLOCK_CAPTURE_AUTORELEASING = YES;
				CLANG_WARN_BOOL_CONVERSION = YES;
				CLANG_WARN_COMMA = YES;
				CLANG_WARN_CONSTANT_CONVERSION = YES;
				CLANG_WARN_DEPRECATED_OBJC_IMPLEMENTATIONS = YES;
				CLANG_WARN_DIRECT_OBJC_ISA_USAGE = YES_ERROR;
				CLANG_WARN_DOCUMENTATION_COMMENTS = YES;
				CLANG_WARN_EMPTY_BODY = YES;
				CLANG_WARN_ENUM_CONVERSION = YES;
				CLANG_WARN_INFINITE_RECURSION = YES;
				CLANG_WARN_INT_CONVERSION = YES;
				CLANG_WARN_NON_LITERAL_NULL_CONVERSION = YES;
				CLANG_WARN_OBJC_IMPLICIT_RETAIN_SELF = YES;
				CLANG_WARN_OBJC_LITERAL_CONVERSION = YES;
				CLANG_WARN_OBJC_ROOT_CLASS = YES_ERROR;
				CLANG_WARN_RANGE_LOOP_ANALYSIS = YES;
				CLANG_WARN_STRICT_PROTOTYPES = YES;
				CLANG_WARN_SUSPICIOUS_MOVE = YES;
				CLANG_WARN_UNGUARDED_AVAILABILITY = YES_AGGRESSIVE;
				CLANG_WARN_UNREACHABLE_CODE = YES;
				CLANG_WARN__DUPLICATE_METHOD_MATCH = YES;
				COPY_PHASE_STRIP = NO;
				DEBUG_INFORMATION_FORMAT = dwarf;
				ENABLE_STRICT_OBJC_MSGSEND = YES;
				ENABLE_TESTABILITY = YES;
				GCC_C_LANGUAGE_STANDARD = gnu11;
				GCC_DYNAMIC_NO_PIC = NO;
				GCC_NO_COMMON_BLOCKS = YES;
				GCC_OPTIMIZATION_LEVEL = 0;
				GCC_PREPROCESSOR_DEFINITIONS = (
					"DEBUG=1",
					"$(inherited)",
				);
				GCC_WARN_64_TO_32_BIT_CONVERSION = YES;
				GCC_WARN_ABOUT_RETURN_TYPE = YES_ERROR;
				GCC_WARN_UNDECLARED_SELECTOR = YES;
				GCC_WARN_UNINITIALIZED_AUTOS = YES_AGGRESSIVE;
				GCC_WARN_UNUSED_FUNCTION = YES;
				GCC_WARN_UNUSED_VARIABLE = YES;
				IPHONEOS_DEPLOYMENT_TARGET = 13.5;
				MTL_ENABLE_DEBUG_INFO = INCLUDE_SOURCE;
				MTL_FAST_MATH = YES;
				ONLY_ACTIVE_ARCH = YES;
				SDKROOT = iphoneos;
				SWIFT_ACTIVE_COMPILATION_CONDITIONS = DEBUG;
				SWIFT_OPTIMIZATION_LEVEL = "-Onone";
			};
			name = Debug;
		};
		DC17738124A0C84C0095BF02 /* Release */ = {
			isa = XCBuildConfiguration;
			buildSettings = {
				ALWAYS_SEARCH_USER_PATHS = NO;
				CLANG_ANALYZER_NONNULL = YES;
				CLANG_ANALYZER_NUMBER_OBJECT_CONVERSION = YES_AGGRESSIVE;
				CLANG_CXX_LANGUAGE_STANDARD = "gnu++14";
				CLANG_CXX_LIBRARY = "libc++";
				CLANG_ENABLE_MODULES = YES;
				CLANG_ENABLE_OBJC_ARC = YES;
				CLANG_ENABLE_OBJC_WEAK = YES;
				CLANG_WARN_BLOCK_CAPTURE_AUTORELEASING = YES;
				CLANG_WARN_BOOL_CONVERSION = YES;
				CLANG_WARN_COMMA = YES;
				CLANG_WARN_CONSTANT_CONVERSION = YES;
				CLANG_WARN_DEPRECATED_OBJC_IMPLEMENTATIONS = YES;
				CLANG_WARN_DIRECT_OBJC_ISA_USAGE = YES_ERROR;
				CLANG_WARN_DOCUMENTATION_COMMENTS = YES;
				CLANG_WARN_EMPTY_BODY = YES;
				CLANG_WARN_ENUM_CONVERSION = YES;
				CLANG_WARN_INFINITE_RECURSION = YES;
				CLANG_WARN_INT_CONVERSION = YES;
				CLANG_WARN_NON_LITERAL_NULL_CONVERSION = YES;
				CLANG_WARN_OBJC_IMPLICIT_RETAIN_SELF = YES;
				CLANG_WARN_OBJC_LITERAL_CONVERSION = YES;
				CLANG_WARN_OBJC_ROOT_CLASS = YES_ERROR;
				CLANG_WARN_RANGE_LOOP_ANALYSIS = YES;
				CLANG_WARN_STRICT_PROTOTYPES = YES;
				CLANG_WARN_SUSPICIOUS_MOVE = YES;
				CLANG_WARN_UNGUARDED_AVAILABILITY = YES_AGGRESSIVE;
				CLANG_WARN_UNREACHABLE_CODE = YES;
				CLANG_WARN__DUPLICATE_METHOD_MATCH = YES;
				COPY_PHASE_STRIP = NO;
				DEBUG_INFORMATION_FORMAT = "dwarf-with-dsym";
				ENABLE_NS_ASSERTIONS = NO;
				ENABLE_STRICT_OBJC_MSGSEND = YES;
				GCC_C_LANGUAGE_STANDARD = gnu11;
				GCC_NO_COMMON_BLOCKS = YES;
				GCC_WARN_64_TO_32_BIT_CONVERSION = YES;
				GCC_WARN_ABOUT_RETURN_TYPE = YES_ERROR;
				GCC_WARN_UNDECLARED_SELECTOR = YES;
				GCC_WARN_UNINITIALIZED_AUTOS = YES_AGGRESSIVE;
				GCC_WARN_UNUSED_FUNCTION = YES;
				GCC_WARN_UNUSED_VARIABLE = YES;
				IPHONEOS_DEPLOYMENT_TARGET = 13.5;
				MTL_ENABLE_DEBUG_INFO = NO;
				MTL_FAST_MATH = YES;
				SDKROOT = iphoneos;
				SWIFT_COMPILATION_MODE = wholemodule;
				SWIFT_OPTIMIZATION_LEVEL = "-O";
				VALIDATE_PRODUCT = YES;
			};
			name = Release;
		};
		DC17738324A0C84C0095BF02 /* Debug */ = {
			isa = XCBuildConfiguration;
			buildSettings = {
				ASSETCATALOG_COMPILER_APPICON_NAME = AppIcon;
				CODE_SIGN_STYLE = Automatic;
				DEVELOPMENT_TEAM = B9UCUJQPXP;
				INFOPLIST_FILE = Web_mission/Info.plist;
				LD_RUNPATH_SEARCH_PATHS = (
					"$(inherited)",
					"@executable_path/Frameworks",
				);
				PRODUCT_BUNDLE_IDENTIFIER = "com.gilbert.Web-mission";
				PRODUCT_NAME = "$(TARGET_NAME)";
				SWIFT_VERSION = 5.0;
				TARGETED_DEVICE_FAMILY = "1,2";
			};
			name = Debug;
		};
		DC17738424A0C84C0095BF02 /* Release */ = {
			isa = XCBuildConfiguration;
			buildSettings = {
				ASSETCATALOG_COMPILER_APPICON_NAME = AppIcon;
				CODE_SIGN_STYLE = Automatic;
				DEVELOPMENT_TEAM = B9UCUJQPXP;
				INFOPLIST_FILE = Web_mission/Info.plist;
				LD_RUNPATH_SEARCH_PATHS = (
					"$(inherited)",
					"@executable_path/Frameworks",
				);
				PRODUCT_BUNDLE_IDENTIFIER = "com.gilbert.Web-mission";
				PRODUCT_NAME = "$(TARGET_NAME)";
				SWIFT_VERSION = 5.0;
				TARGETED_DEVICE_FAMILY = "1,2";
			};
			name = Release;
		};
/* End XCBuildConfiguration section */

/* Begin XCConfigurationList section */
		DC17736924A0C84B0095BF02 /* Build configuration list for PBXProject "Web_mission" */ = {
			isa = XCConfigurationList;
			buildConfigurations = (
				DC17738024A0C84C0095BF02 /* Debug */,
				DC17738124A0C84C0095BF02 /* Release */,
			);
			defaultConfigurationIsVisible = 0;
			defaultConfigurationName = Release;
		};
		DC17738224A0C84C0095BF02 /* Build configuration list for PBXNativeTarget "Web_mission" */ = {
			isa = XCConfigurationList;
			buildConfigurations = (
				DC17738324A0C84C0095BF02 /* Debug */,
				DC17738424A0C84C0095BF02 /* Release */,
			);
			defaultConfigurationIsVisible = 0;
			defaultConfigurationName = Release;
		};
/* End XCConfigurationList section */
	};
	rootObject = DC17736624A0C84B0095BF02 /* Project object */;
}
