// !$*UTF8*$!
{
	archiveVersion = 1;
	classes = {
	};
	objectVersion = 50;
	objects = {

/* Begin PBXBuildFile section */
		DCD6D7F1248A7EAF007A31B0 /* AppDelegate.swift in Sources */ = {isa = PBXBuildFile; fileRef = DCD6D7F0248A7EAF007A31B0 /* AppDelegate.swift */; };
		DCD6D7F3248A7EAF007A31B0 /* SceneDelegate.swift in Sources */ = {isa = PBXBuildFile; fileRef = DCD6D7F2248A7EAF007A31B0 /* SceneDelegate.swift */; };
		DCD6D7F5248A7EAF007A31B0 /* ViewController.swift in Sources */ = {isa = PBXBuildFile; fileRef = DCD6D7F4248A7EAF007A31B0 /* ViewController.swift */; };
		DCD6D7F8248A7EAF007A31B0 /* Main.storyboard in Resources */ = {isa = PBXBuildFile; fileRef = DCD6D7F6248A7EAF007A31B0 /* Main.storyboard */; };
		DCD6D7FA248A7EB1007A31B0 /* Assets.xcassets in Resources */ = {isa = PBXBuildFile; fileRef = DCD6D7F9248A7EB1007A31B0 /* Assets.xcassets */; };
		DCD6D7FD248A7EB1007A31B0 /* LaunchScreen.storyboard in Resources */ = {isa = PBXBuildFile; fileRef = DCD6D7FB248A7EB1007A31B0 /* LaunchScreen.storyboard */; };
		DCD6D806248A7FB7007A31B0 /* lamp_on.png in Resources */ = {isa = PBXBuildFile; fileRef = DCD6D804248A7FB7007A31B0 /* lamp_on.png */; };
		DCD6D807248A7FB7007A31B0 /* lamp_off.png in Resources */ = {isa = PBXBuildFile; fileRef = DCD6D805248A7FB7007A31B0 /* lamp_off.png */; };
/* End PBXBuildFile section */

/* Begin PBXFileReference section */
		DCD6D7ED248A7EAF007A31B0 /* ImageView.app */ = {isa = PBXFileReference; explicitFileType = wrapper.application; includeInIndex = 0; path = ImageView.app; sourceTree = BUILT_PRODUCTS_DIR; };
		DCD6D7F0248A7EAF007A31B0 /* AppDelegate.swift */ = {isa = PBXFileReference; lastKnownFileType = sourcecode.swift; path = AppDelegate.swift; sourceTree = "<group>"; };
		DCD6D7F2248A7EAF007A31B0 /* SceneDelegate.swift */ = {isa = PBXFileReference; lastKnownFileType = sourcecode.swift; path = SceneDelegate.swift; sourceTree = "<group>"; };
		DCD6D7F4248A7EAF007A31B0 /* ViewController.swift */ = {isa = PBXFileReference; lastKnownFileType = sourcecode.swift; path = ViewController.swift; sourceTree = "<group>"; };
		DCD6D7F7248A7EAF007A31B0 /* Base */ = {isa = PBXFileReference; lastKnownFileType = file.storyboard; name = Base; path = Base.lproj/Main.storyboard; sourceTree = "<group>"; };
		DCD6D7F9248A7EB1007A31B0 /* Assets.xcassets */ = {isa = PBXFileReference; lastKnownFileType = folder.assetcatalog; path = Assets.xcassets; sourceTree = "<group>"; };
		DCD6D7FC248A7EB1007A31B0 /* Base */ = {isa = PBXFileReference; lastKnownFileType = file.storyboard; name = Base; path = Base.lproj/LaunchScreen.storyboard; sourceTree = "<group>"; };
		DCD6D7FE248A7EB1007A31B0 /* Info.plist */ = {isa = PBXFileReference; lastKnownFileType = text.plist.xml; path = Info.plist; sourceTree = "<group>"; };
		DCD6D804248A7FB7007A31B0 /* lamp_on.png */ = {isa = PBXFileReference; lastKnownFileType = image.png; path = lamp_on.png; sourceTree = "<group>"; };
		DCD6D805248A7FB7007A31B0 /* lamp_off.png */ = {isa = PBXFileReference; lastKnownFileType = image.png; path = lamp_off.png; sourceTree = "<group>"; };
/* End PBXFileReference section */

/* Begin PBXFrameworksBuildPhase section */
		DCD6D7EA248A7EAF007A31B0 /* Frameworks */ = {
			isa = PBXFrameworksBuildPhase;
			buildActionMask = 2147483647;
			files = (
			);
			runOnlyForDeploymentPostprocessing = 0;
		};
/* End PBXFrameworksBuildPhase section */

/* Begin PBXGroup section */
		DCD6D7E4248A7EAF007A31B0 = {
			isa = PBXGroup;
			children = (
				DCD6D7EF248A7EAF007A31B0 /* ImageView */,
				DCD6D7EE248A7EAF007A31B0 /* Products */,
			);
			sourceTree = "<group>";
		};
		DCD6D7EE248A7EAF007A31B0 /* Products */ = {
			isa = PBXGroup;
			children = (
				DCD6D7ED248A7EAF007A31B0 /* ImageView.app */,
			);
			name = Products;
			sourceTree = "<group>";
		};
		DCD6D7EF248A7EAF007A31B0 /* ImageView */ = {
			isa = PBXGroup;
			children = (
				DCD6D805248A7FB7007A31B0 /* lamp_off.png */,
				DCD6D804248A7FB7007A31B0 /* lamp_on.png */,
				DCD6D7F0248A7EAF007A31B0 /* AppDelegate.swift */,
				DCD6D7F2248A7EAF007A31B0 /* SceneDelegate.swift */,
				DCD6D7F4248A7EAF007A31B0 /* ViewController.swift */,
				DCD6D7F6248A7EAF007A31B0 /* Main.storyboard */,
				DCD6D7F9248A7EB1007A31B0 /* Assets.xcassets */,
				DCD6D7FB248A7EB1007A31B0 /* LaunchScreen.storyboard */,
				DCD6D7FE248A7EB1007A31B0 /* Info.plist */,
			);
			path = ImageView;
			sourceTree = "<group>";
		};
/* End PBXGroup section */

/* Begin PBXNativeTarget section */
		DCD6D7EC248A7EAF007A31B0 /* ImageView */ = {
			isa = PBXNativeTarget;
			buildConfigurationList = DCD6D801248A7EB1007A31B0 /* Build configuration list for PBXNativeTarget "ImageView" */;
			buildPhases = (
				DCD6D7E9248A7EAF007A31B0 /* Sources */,
				DCD6D7EA248A7EAF007A31B0 /* Frameworks */,
				DCD6D7EB248A7EAF007A31B0 /* Resources */,
			);
			buildRules = (
			);
			dependencies = (
			);
			name = ImageView;
			productName = ImageView;
			productReference = DCD6D7ED248A7EAF007A31B0 /* ImageView.app */;
			productType = "com.apple.product-type.application";
		};
/* End PBXNativeTarget section */

/* Begin PBXProject section */
		DCD6D7E5248A7EAF007A31B0 /* Project object */ = {
			isa = PBXProject;
			attributes = {
				LastSwiftUpdateCheck = 1150;
				LastUpgradeCheck = 1150;
				ORGANIZATIONNAME = "Gilbert Lim";
				TargetAttributes = {
					DCD6D7EC248A7EAF007A31B0 = {
						CreatedOnToolsVersion = 11.5;
					};
				};
			};
			buildConfigurationList = DCD6D7E8248A7EAF007A31B0 /* Build configuration list for PBXProject "ImageView" */;
			compatibilityVersion = "Xcode 9.3";
			developmentRegion = en;
			hasScannedForEncodings = 0;
			knownRegions = (
				en,
				Base,
			);
			mainGroup = DCD6D7E4248A7EAF007A31B0;
			productRefGroup = DCD6D7EE248A7EAF007A31B0 /* Products */;
			projectDirPath = "";
			projectRoot = "";
			targets = (
				DCD6D7EC248A7EAF007A31B0 /* ImageView */,
			);
		};
/* End PBXProject section */

/* Begin PBXResourcesBuildPhase section */
		DCD6D7EB248A7EAF007A31B0 /* Resources */ = {
			isa = PBXResourcesBuildPhase;
			buildActionMask = 2147483647;
			files = (
				DCD6D806248A7FB7007A31B0 /* lamp_on.png in Resources */,
				DCD6D7FD248A7EB1007A31B0 /* LaunchScreen.storyboard in Resources */,
				DCD6D807248A7FB7007A31B0 /* lamp_off.png in Resources */,
				DCD6D7FA248A7EB1007A31B0 /* Assets.xcassets in Resources */,
				DCD6D7F8248A7EAF007A31B0 /* Main.storyboard in Resources */,
			);
			runOnlyForDeploymentPostprocessing = 0;
		};
/* End PBXResourcesBuildPhase section */

/* Begin PBXSourcesBuildPhase section */
		DCD6D7E9248A7EAF007A31B0 /* Sources */ = {
			isa = PBXSourcesBuildPhase;
			buildActionMask = 2147483647;
			files = (
				DCD6D7F5248A7EAF007A31B0 /* ViewController.swift in Sources */,
				DCD6D7F1248A7EAF007A31B0 /* AppDelegate.swift in Sources */,
				DCD6D7F3248A7EAF007A31B0 /* SceneDelegate.swift in Sources */,
			);
			runOnlyForDeploymentPostprocessing = 0;
		};
/* End PBXSourcesBuildPhase section */

/* Begin PBXVariantGroup section */
		DCD6D7F6248A7EAF007A31B0 /* Main.storyboard */ = {
			isa = PBXVariantGroup;
			children = (
				DCD6D7F7248A7EAF007A31B0 /* Base */,
			);
			name = Main.storyboard;
			sourceTree = "<group>";
		};
		DCD6D7FB248A7EB1007A31B0 /* LaunchScreen.storyboard */ = {
			isa = PBXVariantGroup;
			children = (
				DCD6D7FC248A7EB1007A31B0 /* Base */,
			);
			name = LaunchScreen.storyboard;
			sourceTree = "<group>";
		};
/* End PBXVariantGroup section */

/* Begin XCBuildConfiguration section */
		DCD6D7FF248A7EB1007A31B0 /* Debug */ = {
			isa = XCBuildConfiguration;
			buildSettings = {
				ALWAYS_SEARCH_USER_PATHS = NO;
				CLANG_ANALYZER_NONNULL = YES;
				CLANG_ANALYZER_NUMBER_OBJECT_CONVERSION = YES_AGGRESSIVE;
				CLANG_CXX_LANGUAGE_STANDARD = "gnu++14";
				CLANG_CXX_LIBRARY = "libc++";
				CLANG_ENABLE_MODULES = YES;
				CLANG_ENABLE_OBJC_ARC = YES;
				CLANG_ENABLE_OBJC_WEAK = YES;
				CLANG_WARN_BLOCK_CAPTURE_AUTORELEASING = YES;
				CLANG_WARN_BOOL_CONVERSION = YES;
				CLANG_WARN_COMMA = YES;
				CLANG_WARN_CONSTANT_CONVERSION = YES;
				CLANG_WARN_DEPRECATED_OBJC_IMPLEMENTATIONS = YES;
				CLANG_WARN_DIRECT_OBJC_ISA_USAGE = YES_ERROR;
				CLANG_WARN_DOCUMENTATION_COMMENTS = YES;
				CLANG_WARN_EMPTY_BODY = YES;
				CLANG_WARN_ENUM_CONVERSION = YES;
				CLANG_WARN_INFINITE_RECURSION = YES;
				CLANG_WARN_INT_CONVERSION = YES;
				CLANG_WARN_NON_LITERAL_NULL_CONVERSION = YES;
				CLANG_WARN_OBJC_IMPLICIT_RETAIN_SELF = YES;
				CLANG_WARN_OBJC_LITERAL_CONVERSION = YES;
				CLANG_WARN_OBJC_ROOT_CLASS = YES_ERROR;
				CLANG_WARN_RANGE_LOOP_ANALYSIS = YES;
				CLANG_WARN_STRICT_PROTOTYPES = YES;
				CLANG_WARN_SUSPICIOUS_MOVE = YES;
				CLANG_WARN_UNGUARDED_AVAILABILITY = YES_AGGRESSIVE;
				CLANG_WARN_UNREACHABLE_CODE = YES;
				CLANG_WARN__DUPLICATE_METHOD_MATCH = YES;
				COPY_PHASE_STRIP = NO;
				DEBUG_INFORMATION_FORMAT = dwarf;
				ENABLE_STRICT_OBJC_MSGSEND = YES;
				ENABLE_TESTABILITY = YES;
				GCC_C_LANGUAGE_STANDARD = gnu11;
				GCC_DYNAMIC_NO_PIC = NO;
				GCC_NO_COMMON_BLOCKS = YES;
				GCC_OPTIMIZATION_LEVEL = 0;
				GCC_PREPROCESSOR_DEFINITIONS = (
					"DEBUG=1",
					"$(inherited)",
				);
				GCC_WARN_64_TO_32_BIT_CONVERSION = YES;
				GCC_WARN_ABOUT_RETURN_TYPE = YES_ERROR;
				GCC_WARN_UNDECLARED_SELECTOR = YES;
				GCC_WARN_UNINITIALIZED_AUTOS = YES_AGGRESSIVE;
				GCC_WARN_UNUSED_FUNCTION = YES;
				GCC_WARN_UNUSED_VARIABLE = YES;
				IPHONEOS_DEPLOYMENT_TARGET = 13.5;
				MTL_ENABLE_DEBUG_INFO = INCLUDE_SOURCE;
				MTL_FAST_MATH = YES;
				ONLY_ACTIVE_ARCH = YES;
				SDKROOT = iphoneos;
				SWIFT_ACTIVE_COMPILATION_CONDITIONS = DEBUG;
				SWIFT_OPTIMIZATION_LEVEL = "-Onone";
			};
			name = Debug;
		};
		DCD6D800248A7EB1007A31B0 /* Release */ = {
			isa = XCBuildConfiguration;
			buildSettings = {
				ALWAYS_SEARCH_USER_PATHS = NO;
				CLANG_ANALYZER_NONNULL = YES;
				CLANG_ANALYZER_NUMBER_OBJECT_CONVERSION = YES_AGGRESSIVE;
				CLANG_CXX_LANGUAGE_STANDARD = "gnu++14";
				CLANG_CXX_LIBRARY = "libc++";
				CLANG_ENABLE_MODULES = YES;
				CLANG_ENABLE_OBJC_ARC = YES;
				CLANG_ENABLE_OBJC_WEAK = YES;
				CLANG_WARN_BLOCK_CAPTURE_AUTORELEASING = YES;
				CLANG_WARN_BOOL_CONVERSION = YES;
				CLANG_WARN_COMMA = YES;
				CLANG_WARN_CONSTANT_CONVERSION = YES;
				CLANG_WARN_DEPRECATED_OBJC_IMPLEMENTATIONS = YES;
				CLANG_WARN_DIRECT_OBJC_ISA_USAGE = YES_ERROR;
				CLANG_WARN_DOCUMENTATION_COMMENTS = YES;
				CLANG_WARN_EMPTY_BODY = YES;
				CLANG_WARN_ENUM_CONVERSION = YES;
				CLANG_WARN_INFINITE_RECURSION = YES;
				CLANG_WARN_INT_CONVERSION = YES;
				CLANG_WARN_NON_LITERAL_NULL_CONVERSION = YES;
				CLANG_WARN_OBJC_IMPLICIT_RETAIN_SELF = YES;
				CLANG_WARN_OBJC_LITERAL_CONVERSION = YES;
				CLANG_WARN_OBJC_ROOT_CLASS = YES_ERROR;
				CLANG_WARN_RANGE_LOOP_ANALYSIS = YES;
				CLANG_WARN_STRICT_PROTOTYPES = YES;
				CLANG_WARN_SUSPICIOUS_MOVE = YES;
				CLANG_WARN_UNGUARDED_AVAILABILITY = YES_AGGRESSIVE;
				CLANG_WARN_UNREACHABLE_CODE = YES;
				CLANG_WARN__DUPLICATE_METHOD_MATCH = YES;
				COPY_PHASE_STRIP = NO;
				DEBUG_INFORMATION_FORMAT = "dwarf-with-dsym";
				ENABLE_NS_ASSERTIONS = NO;
				ENABLE_STRICT_OBJC_MSGSEND = YES;
				GCC_C_LANGUAGE_STANDARD = gnu11;
				GCC_NO_COMMON_BLOCKS = YES;
				GCC_WARN_64_TO_32_BIT_CONVERSION = YES;
				GCC_WARN_ABOUT_RETURN_TYPE = YES_ERROR;
				GCC_WARN_UNDECLARED_SELECTOR = YES;
				GCC_WARN_UNINITIALIZED_AUTOS = YES_AGGRESSIVE;
				GCC_WARN_UNUSED_FUNCTION = YES;
				GCC_WARN_UNUSED_VARIABLE = YES;
				IPHONEOS_DEPLOYMENT_TARGET = 13.5;
				MTL_ENABLE_DEBUG_INFO = NO;
				MTL_FAST_MATH = YES;
				SDKROOT = iphoneos;
				SWIFT_COMPILATION_MODE = wholemodule;
				SWIFT_OPTIMIZATION_LEVEL = "-O";
				VALIDATE_PRODUCT = YES;
			};
			name = Release;
		};
		DCD6D802248A7EB1007A31B0 /* Debug */ = {
			isa = XCBuildConfiguration;
			buildSettings = {
				ASSETCATALOG_COMPILER_APPICON_NAME = AppIcon;
				CODE_SIGN_STYLE = Automatic;
				DEVELOPMENT_TEAM = B9UCUJQPXP;
				INFOPLIST_FILE = ImageView/Info.plist;
				LD_RUNPATH_SEARCH_PATHS = (
					"$(inherited)",
					"@executable_path/Frameworks",
				);
				PRODUCT_BUNDLE_IDENTIFIER = com.gilbert.ImageView;
				PRODUCT_NAME = "$(TARGET_NAME)";
				SWIFT_VERSION = 5.0;
				TARGETED_DEVICE_FAMILY = "1,2";
			};
			name = Debug;
		};
		DCD6D803248A7EB1007A31B0 /* Release */ = {
			isa = XCBuildConfiguration;
			buildSettings = {
				ASSETCATALOG_COMPILER_APPICON_NAME = AppIcon;
				CODE_SIGN_STYLE = Automatic;
				DEVELOPMENT_TEAM = B9UCUJQPXP;
				INFOPLIST_FILE = ImageView/Info.plist;
				LD_RUNPATH_SEARCH_PATHS = (
					"$(inherited)",
					"@executable_path/Frameworks",
				);
				PRODUCT_BUNDLE_IDENTIFIER = com.gilbert.ImageView;
				PRODUCT_NAME = "$(TARGET_NAME)";
				SWIFT_VERSION = 5.0;
				TARGETED_DEVICE_FAMILY = "1,2";
			};
			name = Release;
		};
/* End XCBuildConfiguration section */

/* Begin XCConfigurationList section */
		DCD6D7E8248A7EAF007A31B0 /* Build configuration list for PBXProject "ImageView" */ = {
			isa = XCConfigurationList;
			buildConfigurations = (
				DCD6D7FF248A7EB1007A31B0 /* Debug */,
				DCD6D800248A7EB1007A31B0 /* Release */,
			);
			defaultConfigurationIsVisible = 0;
			defaultConfigurationName = Release;
		};
		DCD6D801248A7EB1007A31B0 /* Build configuration list for PBXNativeTarget "ImageView" */ = {
			isa = XCConfigurationList;
			buildConfigurations = (
				DCD6D802248A7EB1007A31B0 /* Debug */,
				DCD6D803248A7EB1007A31B0 /* Release */,
			);
			defaultConfigurationIsVisible = 0;
			defaultConfigurationName = Release;
		};
/* End XCConfigurationList section */
	};
	rootObject = DCD6D7E5248A7EAF007A31B0 /* Project object */;
}
